
Microsoft Visual Studio Solution File, Format Version 12.00
# Visual Studio Version 17
VisualStudioVersion = 17.5.33414.496
MinimumVisualStudioVersion = 10.0.40219.1
Project("{FAE04EC0-301F-11D3-BF4B-00C04F79EFBC}") = "SerializationDemoD", "SerializationDemoD\SerializationDemoD.csproj", "{F54CB06D-E7AF-4EF9-A123-3CDCDDEF7278}"
EndProject
Global
	GlobalSection(SolutionConfigurationPlatforms) = preSolution
		Debug|Any CPU = Debug|Any CPU
		Release|Any CPU = Release|Any CPU
	EndGlobalSection
	GlobalSection(ProjectConfigurationPlatforms) = postSolution
		{F54CB06D-E7AF-4EF9-A123-3CDCDDEF7278}.Debug|Any CPU.ActiveCfg = Debug|Any CPU
		{F54CB06D-E7AF-4EF9-A123-3CDCDDEF7278}.Debug|Any CPU.Build.0 = Debug|Any CPU
		{F54CB06D-E7AF-4EF9-A123-3CDCDDEF7278}.Release|Any CPU.ActiveCfg = Release|Any CPU
		{F54CB06D-E7AF-4EF9-A123-3CDCDDEF7278}.Release|Any CPU.Build.0 = Release|Any CPU
	EndGlobalSection
	GlobalSection(SolutionProperties) = preSolution
		HideSolutionNode = FALSE
	EndGlobalSection
	GlobalSection(ExtensibilityGlobals) = postSolution
		SolutionGuid = {1280C6B4-3E28-45E9-A35F-3935F0DA4815}
	EndGlobalSection
EndGlobal
